github.com/gocarina/gocsv v0.0.0-20230226133904-70c27cb2918a h1:/5o1ejt5M0fNAN2lU1NBLtPzUSZru689EWJq01ptr+E=
github.com/gocarina/gocsv v0.0.0-20230226133904-70c27cb2918a/go.mod h1:5YoVOkjYAQumqlV356Hj3xeYh4BdZuLE0/nRkf2NKkI=
github.com/hashicorp/go-version v1.0.0/go.mod h1:fltr4n8CU8Ke44wwGCBoEymUuxUHl09ZGVZPK5anwXA=
github.com/jszwec/csvutil v1.8.0 h1:G7vS2LGdpZZDH1HmHeNbxOaJ/ZnJlpwGFvOkTkJzzNk=
github.com/jszwec/csvutil v1.8.0/go.mod h1:/E4ONrmGkwmWsk9ae9jpXnv9QT8pLHEPcCirMFhxG9I=
github.com/mitchellh/gox v1.0.1/go.mod h1:ED6BioOGXMswlXa2zxfh/xdd5QhwYliBFn9V18Ap4z4=
github.com/mitchellh/iochan v1.0.0/go.mod h1:JwYml1nuB7xOzsp52dPpHFffvOCDupsG0QubkSMEySY=
github.com/urfave/cli v1.20.0/go.mod h1:70zkFmudgCuE/ngEzBv17Jvp/497gISqfk5gWijbERA=
github.com/yukithm/json2csv v0.1.2 h1:b2aIY9+TOY5Wss9lCku4wjqnQrENv5Ix1G0ZHN1FE2Q=
github.com/yukithm/json2csv v0.1.2/go.mod h1:Ul6ZenFV94YeUm08AqppOd+/hB9JsmiU4KXPs9ZvgwQ=
